
Microsoft Visual Studio Solution File, Format Version 12.00
# Visual Studio Version 16
VisualStudioVersion = 25.0.1700.1
MinimumVisualStudioVersion = 10.0.40219.1
Project("{FAE04EC0-301F-11D3-BF4B-00C04F79EFBC}") = "AxundovKitabxanasi", "SadeClass\AxundovKitabxanasi.csproj", "{213CB464-037F-48A4-8970-FC219FDDF4CE}"
EndProject
Global
	GlobalSection(SolutionConfigurationPlatforms) = preSolution
		Debug|Any CPU = Debug|Any CPU
		Release|Any CPU = Release|Any CPU
	EndGlobalSection
	GlobalSection(ProjectConfigurationPlatforms) = postSolution
		{213CB464-037F-48A4-8970-FC219FDDF4CE}.Debug|Any CPU.ActiveCfg = Debug|Any CPU
		{213CB464-037F-48A4-8970-FC219FDDF4CE}.Debug|Any CPU.Build.0 = Debug|Any CPU
		{213CB464-037F-48A4-8970-FC219FDDF4CE}.Release|Any CPU.ActiveCfg = Release|Any CPU
		{213CB464-037F-48A4-8970-FC219FDDF4CE}.Release|Any CPU.Build.0 = Release|Any CPU
	EndGlobalSection
	GlobalSection(SolutionProperties) = preSolution
		HideSolutionNode = FALSE
	EndGlobalSection
	GlobalSection(ExtensibilityGlobals) = postSolution
		SolutionGuid = {7BDD1924-0EE5-4DE3-922D-0B559BE88E61}
	EndGlobalSection
EndGlobal
